
Microsoft Visual Studio Solution File, Format Version 12.00
Project("{FAE04EC0-301F-11D3-BF4B-00C04F79EFBC}") = "z3_1", "z3_1\z3_1.csproj", "{ECE78AD5-A70F-407E-B080-ADE6B0874F4A}"
EndProject
Project("{FAE04EC0-301F-11D3-BF4B-00C04F79EFBC}") = "z3_2", "z3_2\z3_2.csproj", "{4CFD8104-3B6B-47BE-AFE6-EEA7343BD859}"
EndProject
Project("{FAE04EC0-301F-11D3-BF4B-00C04F79EFBC}") = "z3_3", "z3_3\z3_3.csproj", "{DEF3670D-B711-4E0F-8B66-06DED01FFD72}"
EndProject
Project("{FAE04EC0-301F-11D3-BF4B-00C04F79EFBC}") = "z3_4", "z3_4\z3_4.csproj", "{6DB24E2C-BBE9-41F4-82EA-931255935F14}"
EndProject
Project("{FAE04EC0-301F-11D3-BF4B-00C04F79EFBC}") = "z3_5", "z3_5\z3_5.csproj", "{4DF5CAB9-03B8-4499-BE78-3D991CC3F739}"
EndProject
Project("{FAE04EC0-301F-11D3-BF4B-00C04F79EFBC}") = "z3_10", "z3_10\z3_10.csproj", "{CA0EC5E4-2DE9-4330-89A7-3EBA7FA65B98}"
EndProject
Project("{FAE04EC0-301F-11D3-BF4B-00C04F79EFBC}") = "z3_11", "z3_11\z3_11.csproj", "{836CC4FB-B637-44A6-9FF0-66A0F3D31A56}"
EndProject
Project("{FAE04EC0-301F-11D3-BF4B-00C04F79EFBC}") = "z3_12", "z3_12\z3_12.csproj", "{3B619AF8-9BC3-4BAA-97D4-EE7E4F3D54F5}"
EndProject
Global
	GlobalSection(SolutionConfigurationPlatforms) = preSolution
		Debug|Any CPU = Debug|Any CPU
		Release|Any CPU = Release|Any CPU
	EndGlobalSection
	GlobalSection(ProjectConfigurationPlatforms) = postSolution
		{ECE78AD5-A70F-407E-B080-ADE6B0874F4A}.Debug|Any CPU.ActiveCfg = Debug|Any CPU
		{ECE78AD5-A70F-407E-B080-ADE6B0874F4A}.Debug|Any CPU.Build.0 = Debug|Any CPU
		{ECE78AD5-A70F-407E-B080-ADE6B0874F4A}.Release|Any CPU.ActiveCfg = Release|Any CPU
		{ECE78AD5-A70F-407E-B080-ADE6B0874F4A}.Release|Any CPU.Build.0 = Release|Any CPU
		{4CFD8104-3B6B-47BE-AFE6-EEA7343BD859}.Debug|Any CPU.ActiveCfg = Debug|Any CPU
		{4CFD8104-3B6B-47BE-AFE6-EEA7343BD859}.Debug|Any CPU.Build.0 = Debug|Any CPU
		{4CFD8104-3B6B-47BE-AFE6-EEA7343BD859}.Release|Any CPU.ActiveCfg = Release|Any CPU
		{4CFD8104-3B6B-47BE-AFE6-EEA7343BD859}.Release|Any CPU.Build.0 = Release|Any CPU
		{DEF3670D-B711-4E0F-8B66-06DED01FFD72}.Debug|Any CPU.ActiveCfg = Debug|Any CPU
		{DEF3670D-B711-4E0F-8B66-06DED01FFD72}.Debug|Any CPU.Build.0 = Debug|Any CPU
		{DEF3670D-B711-4E0F-8B66-06DED01FFD72}.Release|Any CPU.ActiveCfg = Release|Any CPU
		{DEF3670D-B711-4E0F-8B66-06DED01FFD72}.Release|Any CPU.Build.0 = Release|Any CPU
		{6DB24E2C-BBE9-41F4-82EA-931255935F14}.Debug|Any CPU.ActiveCfg = Debug|Any CPU
		{6DB24E2C-BBE9-41F4-82EA-931255935F14}.Debug|Any CPU.Build.0 = Debug|Any CPU
		{6DB24E2C-BBE9-41F4-82EA-931255935F14}.Release|Any CPU.ActiveCfg = Release|Any CPU
		{6DB24E2C-BBE9-41F4-82EA-931255935F14}.Release|Any CPU.Build.0 = Release|Any CPU
		{4DF5CAB9-03B8-4499-BE78-3D991CC3F739}.Debug|Any CPU.ActiveCfg = Debug|Any CPU
		{4DF5CAB9-03B8-4499-BE78-3D991CC3F739}.Debug|Any CPU.Build.0 = Debug|Any CPU
		{4DF5CAB9-03B8-4499-BE78-3D991CC3F739}.Release|Any CPU.ActiveCfg = Release|Any CPU
		{4DF5CAB9-03B8-4499-BE78-3D991CC3F739}.Release|Any CPU.Build.0 = Release|Any CPU
		{CA0EC5E4-2DE9-4330-89A7-3EBA7FA65B98}.Debug|Any CPU.ActiveCfg = Debug|Any CPU
		{CA0EC5E4-2DE9-4330-89A7-3EBA7FA65B98}.Debug|Any CPU.Build.0 = Debug|Any CPU
		{CA0EC5E4-2DE9-4330-89A7-3EBA7FA65B98}.Release|Any CPU.ActiveCfg = Release|Any CPU
		{CA0EC5E4-2DE9-4330-89A7-3EBA7FA65B98}.Release|Any CPU.Build.0 = Release|Any CPU
		{836CC4FB-B637-44A6-9FF0-66A0F3D31A56}.Debug|Any CPU.ActiveCfg = Debug|Any CPU
		{836CC4FB-B637-44A6-9FF0-66A0F3D31A56}.Debug|Any CPU.Build.0 = Debug|Any CPU
		{836CC4FB-B637-44A6-9FF0-66A0F3D31A56}.Release|Any CPU.ActiveCfg = Release|Any CPU
		{836CC4FB-B637-44A6-9FF0-66A0F3D31A56}.Release|Any CPU.Build.0 = Release|Any CPU
		{3B619AF8-9BC3-4BAA-97D4-EE7E4F3D54F5}.Debug|Any CPU.ActiveCfg = Debug|Any CPU
		{3B619AF8-9BC3-4BAA-97D4-EE7E4F3D54F5}.Debug|Any CPU.Build.0 = Debug|Any CPU
		{3B619AF8-9BC3-4BAA-97D4-EE7E4F3D54F5}.Release|Any CPU.ActiveCfg = Release|Any CPU
		{3B619AF8-9BC3-4BAA-97D4-EE7E4F3D54F5}.Release|Any CPU.Build.0 = Release|Any CPU
	EndGlobalSection
EndGlobal
