
Microsoft Visual Studio Solution File, Format Version 12.00
# Visual Studio Version 16
VisualStudioVersion = 16.0.30711.63
MinimumVisualStudioVersion = 10.0.40219.1
Project("{9A19103F-16F7-4668-BE54-9A1E7A4F7556}") = "EmployeeManager.DataAccess", "EmployeeManager.DataAccess\EmployeeManager.DataAccess.csproj", "{A425173A-C3F9-4251-AFF9-7E95BD7B4BBA}"
EndProject
Project("{9A19103F-16F7-4668-BE54-9A1E7A4F7556}") = "EmployeeManager.Common", "EmployeeManager.Common\EmployeeManager.Common.csproj", "{A4D5CF54-E102-45EE-A686-030D64246202}"
EndProject
Project("{2150E333-8FDC-42A3-9474-1A3956D46DE8}") = "Libraries", "Libraries", "{DD912DD1-7B66-4245-BD63-C01207561341}"
EndProject
Project("{C7167F0D-BC9F-4E6E-AFE1-012C56B48DB5}") = "EmployeeManager.WinUI (Package)", "EmployeeManager.WinUI\EmployeeManager.WinUI (Package)\EmployeeManager.WinUI (Package).wapproj", "{DB5FE10D-4789-46F6-8777-A108FF5B6649}"
EndProject
Project("{9A19103F-16F7-4668-BE54-9A1E7A4F7556}") = "EmployeeManager.WinUI", "EmployeeManager.WinUI\EmployeeManager.WinUI\EmployeeManager.WinUI.csproj", "{A1EC97AB-766A-44EC-8E30-4654400A5F9D}"
EndProject
Project("{9A19103F-16F7-4668-BE54-9A1E7A4F7556}") = "EmployeeManager.ViewModel", "EmployeeManager.ViewModel\EmployeeManager.ViewModel.csproj", "{B392B8C6-6DD9-431F-ACDC-67F19ADFA0EC}"
EndProject
Project("{2150E333-8FDC-42A3-9474-1A3956D46DE8}") = "WinUi", "WinUi", "{A751D054-608C-4CD8-9733-36126EB184EE}"
EndProject
Project("{2150E333-8FDC-42A3-9474-1A3956D46DE8}") = "WPF", "WPF", "{1AD1CA41-184E-4579-B9D5-F907F1B9E501}"
EndProject
Project("{FAE04EC0-301F-11D3-BF4B-00C04F79EFBC}") = "EmployeeManager.WPF", "EmployeeManager.WPF\EmployeeManager.WPF.csproj", "{8EAC641D-49A7-422C-9CAE-BB8F150EA8BD}"
EndProject
Global
	GlobalSection(SolutionConfigurationPlatforms) = preSolution
		Debug|Any CPU = Debug|Any CPU
		Debug|arm64 = Debug|arm64
		Debug|x64 = Debug|x64
		Debug|x86 = Debug|x86
		Release|Any CPU = Release|Any CPU
		Release|arm64 = Release|arm64
		Release|x64 = Release|x64
		Release|x86 = Release|x86
	EndGlobalSection
	GlobalSection(ProjectConfigurationPlatforms) = postSolution
		{A425173A-C3F9-4251-AFF9-7E95BD7B4BBA}.Debug|Any CPU.ActiveCfg = Debug|Any CPU
		{A425173A-C3F9-4251-AFF9-7E95BD7B4BBA}.Debug|Any CPU.Build.0 = Debug|Any CPU
		{A425173A-C3F9-4251-AFF9-7E95BD7B4BBA}.Debug|arm64.ActiveCfg = Debug|Any CPU
		{A425173A-C3F9-4251-AFF9-7E95BD7B4BBA}.Debug|arm64.Build.0 = Debug|Any CPU
		{A425173A-C3F9-4251-AFF9-7E95BD7B4BBA}.Debug|x64.ActiveCfg = Debug|Any CPU
		{A425173A-C3F9-4251-AFF9-7E95BD7B4BBA}.Debug|x64.Build.0 = Debug|Any CPU
		{A425173A-C3F9-4251-AFF9-7E95BD7B4BBA}.Debug|x86.ActiveCfg = Debug|Any CPU
		{A425173A-C3F9-4251-AFF9-7E95BD7B4BBA}.Debug|x86.Build.0 = Debug|Any CPU
		{A425173A-C3F9-4251-AFF9-7E95BD7B4BBA}.Release|Any CPU.ActiveCfg = Release|Any CPU
		{A425173A-C3F9-4251-AFF9-7E95BD7B4BBA}.Release|Any CPU.Build.0 = Release|Any CPU
		{A425173A-C3F9-4251-AFF9-7E95BD7B4BBA}.Release|arm64.ActiveCfg = Release|Any CPU
		{A425173A-C3F9-4251-AFF9-7E95BD7B4BBA}.Release|arm64.Build.0 = Release|Any CPU
		{A425173A-C3F9-4251-AFF9-7E95BD7B4BBA}.Release|x64.ActiveCfg = Release|Any CPU
		{A425173A-C3F9-4251-AFF9-7E95BD7B4BBA}.Release|x64.Build.0 = Release|Any CPU
		{A425173A-C3F9-4251-AFF9-7E95BD7B4BBA}.Release|x86.ActiveCfg = Release|Any CPU
		{A425173A-C3F9-4251-AFF9-7E95BD7B4BBA}.Release|x86.Build.0 = Release|Any CPU
		{A4D5CF54-E102-45EE-A686-030D64246202}.Debug|Any CPU.ActiveCfg = Debug|Any CPU
		{A4D5CF54-E102-45EE-A686-030D64246202}.Debug|Any CPU.Build.0 = Debug|Any CPU
		{A4D5CF54-E102-45EE-A686-030D64246202}.Debug|arm64.ActiveCfg = Debug|Any CPU
		{A4D5CF54-E102-45EE-A686-030D64246202}.Debug|arm64.Build.0 = Debug|Any CPU
		{A4D5CF54-E102-45EE-A686-030D64246202}.Debug|x64.ActiveCfg = Debug|Any CPU
		{A4D5CF54-E102-45EE-A686-030D64246202}.Debug|x64.Build.0 = Debug|Any CPU
		{A4D5CF54-E102-45EE-A686-030D64246202}.Debug|x86.ActiveCfg = Debug|Any CPU
		{A4D5CF54-E102-45EE-A686-030D64246202}.Debug|x86.Build.0 = Debug|Any CPU
		{A4D5CF54-E102-45EE-A686-030D64246202}.Release|Any CPU.ActiveCfg = Release|Any CPU
		{A4D5CF54-E102-45EE-A686-030D64246202}.Release|Any CPU.Build.0 = Release|Any CPU
		{A4D5CF54-E102-45EE-A686-030D64246202}.Release|arm64.ActiveCfg = Release|Any CPU
		{A4D5CF54-E102-45EE-A686-030D64246202}.Release|arm64.Build.0 = Release|Any CPU
		{A4D5CF54-E102-45EE-A686-030D64246202}.Release|x64.ActiveCfg = Release|Any CPU
		{A4D5CF54-E102-45EE-A686-030D64246202}.Release|x64.Build.0 = Release|Any CPU
		{A4D5CF54-E102-45EE-A686-030D64246202}.Release|x86.ActiveCfg = Release|Any CPU
		{A4D5CF54-E102-45EE-A686-030D64246202}.Release|x86.Build.0 = Release|Any CPU
		{DB5FE10D-4789-46F6-8777-A108FF5B6649}.Debug|Any CPU.ActiveCfg = Debug|x86
		{DB5FE10D-4789-46F6-8777-A108FF5B6649}.Debug|Any CPU.Build.0 = Debug|x86
		{DB5FE10D-4789-46F6-8777-A108FF5B6649}.Debug|Any CPU.Deploy.0 = Debug|x86
		{DB5FE10D-4789-46F6-8777-A108FF5B6649}.Debug|arm64.ActiveCfg = Debug|arm64
		{DB5FE10D-4789-46F6-8777-A108FF5B6649}.Debug|arm64.Build.0 = Debug|arm64
		{DB5FE10D-4789-46F6-8777-A108FF5B6649}.Debug|arm64.Deploy.0 = Debug|arm64
		{DB5FE10D-4789-46F6-8777-A108FF5B6649}.Debug|x64.ActiveCfg = Debug|x64
		{DB5FE10D-4789-46F6-8777-A108FF5B6649}.Debug|x64.Build.0 = Debug|x64
		{DB5FE10D-4789-46F6-8777-A108FF5B6649}.Debug|x64.Deploy.0 = Debug|x64
		{DB5FE10D-4789-46F6-8777-A108FF5B6649}.Debug|x86.ActiveCfg = Debug|x86
		{DB5FE10D-4789-46F6-8777-A108FF5B6649}.Debug|x86.Build.0 = Debug|x86
		{DB5FE10D-4789-46F6-8777-A108FF5B6649}.Debug|x86.Deploy.0 = Debug|x86
		{DB5FE10D-4789-46F6-8777-A108FF5B6649}.Release|Any CPU.ActiveCfg = Release|x86
		{DB5FE10D-4789-46F6-8777-A108FF5B6649}.Release|arm64.ActiveCfg = Release|arm64
		{DB5FE10D-4789-46F6-8777-A108FF5B6649}.Release|arm64.Build.0 = Release|arm64
		{DB5FE10D-4789-46F6-8777-A108FF5B6649}.Release|arm64.Deploy.0 = Release|arm64
		{DB5FE10D-4789-46F6-8777-A108FF5B6649}.Release|x64.ActiveCfg = Release|x64
		{DB5FE10D-4789-46F6-8777-A108FF5B6649}.Release|x64.Build.0 = Release|x64
		{DB5FE10D-4789-46F6-8777-A108FF5B6649}.Release|x64.Deploy.0 = Release|x64
		{DB5FE10D-4789-46F6-8777-A108FF5B6649}.Release|x86.ActiveCfg = Release|x86
		{DB5FE10D-4789-46F6-8777-A108FF5B6649}.Release|x86.Build.0 = Release|x86
		{DB5FE10D-4789-46F6-8777-A108FF5B6649}.Release|x86.Deploy.0 = Release|x86
		{A1EC97AB-766A-44EC-8E30-4654400A5F9D}.Debug|Any CPU.ActiveCfg = Debug|x86
		{A1EC97AB-766A-44EC-8E30-4654400A5F9D}.Debug|Any CPU.Build.0 = Debug|x86
		{A1EC97AB-766A-44EC-8E30-4654400A5F9D}.Debug|arm64.ActiveCfg = Debug|arm64
		{A1EC97AB-766A-44EC-8E30-4654400A5F9D}.Debug|arm64.Build.0 = Debug|arm64
		{A1EC97AB-766A-44EC-8E30-4654400A5F9D}.Debug|x64.ActiveCfg = Debug|x64
		{A1EC97AB-766A-44EC-8E30-4654400A5F9D}.Debug|x64.Build.0 = Debug|x64
		{A1EC97AB-766A-44EC-8E30-4654400A5F9D}.Debug|x86.ActiveCfg = Debug|x86
		{A1EC97AB-766A-44EC-8E30-4654400A5F9D}.Debug|x86.Build.0 = Debug|x86
		{A1EC97AB-766A-44EC-8E30-4654400A5F9D}.Release|Any CPU.ActiveCfg = Release|x86
		{A1EC97AB-766A-44EC-8E30-4654400A5F9D}.Release|arm64.ActiveCfg = Release|arm64
		{A1EC97AB-766A-44EC-8E30-4654400A5F9D}.Release|arm64.Build.0 = Release|arm64
		{A1EC97AB-766A-44EC-8E30-4654400A5F9D}.Release|x64.ActiveCfg = Release|x64
		{A1EC97AB-766A-44EC-8E30-4654400A5F9D}.Release|x64.Build.0 = Release|x64
		{A1EC97AB-766A-44EC-8E30-4654400A5F9D}.Release|x86.ActiveCfg = Release|x86
		{A1EC97AB-766A-44EC-8E30-4654400A5F9D}.Release|x86.Build.0 = Release|x86
		{B392B8C6-6DD9-431F-ACDC-67F19ADFA0EC}.Debug|Any CPU.ActiveCfg = Debug|Any CPU
		{B392B8C6-6DD9-431F-ACDC-67F19ADFA0EC}.Debug|Any CPU.Build.0 = Debug|Any CPU
		{B392B8C6-6DD9-431F-ACDC-67F19ADFA0EC}.Debug|arm64.ActiveCfg = Debug|Any CPU
		{B392B8C6-6DD9-431F-ACDC-67F19ADFA0EC}.Debug|arm64.Build.0 = Debug|Any CPU
		{B392B8C6-6DD9-431F-ACDC-67F19ADFA0EC}.Debug|x64.ActiveCfg = Debug|Any CPU
		{B392B8C6-6DD9-431F-ACDC-67F19ADFA0EC}.Debug|x64.Build.0 = Debug|Any CPU
		{B392B8C6-6DD9-431F-ACDC-67F19ADFA0EC}.Debug|x86.ActiveCfg = Debug|Any CPU
		{B392B8C6-6DD9-431F-ACDC-67F19ADFA0EC}.Debug|x86.Build.0 = Debug|Any CPU
		{B392B8C6-6DD9-431F-ACDC-67F19ADFA0EC}.Release|Any CPU.ActiveCfg = Release|Any CPU
		{B392B8C6-6DD9-431F-ACDC-67F19ADFA0EC}.Release|Any CPU.Build.0 = Release|Any CPU
		{B392B8C6-6DD9-431F-ACDC-67F19ADFA0EC}.Release|arm64.ActiveCfg = Release|Any CPU
		{B392B8C6-6DD9-431F-ACDC-67F19ADFA0EC}.Release|arm64.Build.0 = Release|Any CPU
		{B392B8C6-6DD9-431F-ACDC-67F19ADFA0EC}.Release|x64.ActiveCfg = Release|Any CPU
		{B392B8C6-6DD9-431F-ACDC-67F19ADFA0EC}.Release|x64.Build.0 = Release|Any CPU
		{B392B8C6-6DD9-431F-ACDC-67F19ADFA0EC}.Release|x86.ActiveCfg = Release|Any CPU
		{B392B8C6-6DD9-431F-ACDC-67F19ADFA0EC}.Release|x86.Build.0 = Release|Any CPU
		{8EAC641D-49A7-422C-9CAE-BB8F150EA8BD}.Debug|Any CPU.ActiveCfg = Debug|Any CPU
		{8EAC641D-49A7-422C-9CAE-BB8F150EA8BD}.Debug|Any CPU.Build.0 = Debug|Any CPU
		{8EAC641D-49A7-422C-9CAE-BB8F150EA8BD}.Debug|arm64.ActiveCfg = Debug|Any CPU
		{8EAC641D-49A7-422C-9CAE-BB8F150EA8BD}.Debug|arm64.Build.0 = Debug|Any CPU
		{8EAC641D-49A7-422C-9CAE-BB8F150EA8BD}.Debug|x64.ActiveCfg = Debug|Any CPU
		{8EAC641D-49A7-422C-9CAE-BB8F150EA8BD}.Debug|x64.Build.0 = Debug|Any CPU
		{8EAC641D-49A7-422C-9CAE-BB8F150EA8BD}.Debug|x86.ActiveCfg = Debug|Any CPU
		{8EAC641D-49A7-422C-9CAE-BB8F150EA8BD}.Debug|x86.Build.0 = Debug|Any CPU
		{8EAC641D-49A7-422C-9CAE-BB8F150EA8BD}.Release|Any CPU.ActiveCfg = Release|Any CPU
		{8EAC641D-49A7-422C-9CAE-BB8F150EA8BD}.Release|Any CPU.Build.0 = Release|Any CPU
		{8EAC641D-49A7-422C-9CAE-BB8F150EA8BD}.Release|arm64.ActiveCfg = Release|Any CPU
		{8EAC641D-49A7-422C-9CAE-BB8F150EA8BD}.Release|arm64.Build.0 = Release|Any CPU
		{8EAC641D-49A7-422C-9CAE-BB8F150EA8BD}.Release|x64.ActiveCfg = Release|Any CPU
		{8EAC641D-49A7-422C-9CAE-BB8F150EA8BD}.Release|x64.Build.0 = Release|Any CPU
		{8EAC641D-49A7-422C-9CAE-BB8F150EA8BD}.Release|x86.ActiveCfg = Release|Any CPU
		{8EAC641D-49A7-422C-9CAE-BB8F150EA8BD}.Release|x86.Build.0 = Release|Any CPU
	EndGlobalSection
	GlobalSection(SolutionProperties) = preSolution
		HideSolutionNode = FALSE
	EndGlobalSection
	GlobalSection(NestedProjects) = preSolution
		{A425173A-C3F9-4251-AFF9-7E95BD7B4BBA} = {DD912DD1-7B66-4245-BD63-C01207561341}
		{A4D5CF54-E102-45EE-A686-030D64246202} = {DD912DD1-7B66-4245-BD63-C01207561341}
		{DB5FE10D-4789-46F6-8777-A108FF5B6649} = {A751D054-608C-4CD8-9733-36126EB184EE}
		{A1EC97AB-766A-44EC-8E30-4654400A5F9D} = {A751D054-608C-4CD8-9733-36126EB184EE}
		{B392B8C6-6DD9-431F-ACDC-67F19ADFA0EC} = {DD912DD1-7B66-4245-BD63-C01207561341}
		{8EAC641D-49A7-422C-9CAE-BB8F150EA8BD} = {1AD1CA41-184E-4579-B9D5-F907F1B9E501}
	EndGlobalSection
	GlobalSection(ExtensibilityGlobals) = postSolution
		SolutionGuid = {8D719E33-FCFD-4644-95C9-2842C22D405F}
	EndGlobalSection
EndGlobal
