
Microsoft Visual Studio Solution File, Format Version 12.00
Project("{FAE04EC0-301F-11D3-BF4B-00C04F79EFBC}") = "z_1", "z_1\z_1.csproj", "{D3F9DA45-57DC-42A6-B029-B0A9722F02D9}"
EndProject
Project("{FAE04EC0-301F-11D3-BF4B-00C04F79EFBC}") = "z_2", "z_2\z_2.csproj", "{E5421E11-8923-486C-A412-2AB86DC3D1C2}"
EndProject
Project("{FAE04EC0-301F-11D3-BF4B-00C04F79EFBC}") = "z_3", "z_3\z_3.csproj", "{A4689713-150C-476B-85A0-4EDAB76C2D2A}"
EndProject
Project("{FAE04EC0-301F-11D3-BF4B-00C04F79EFBC}") = "zad", "zad\zad.csproj", "{9D846848-05AF-48AE-805F-0DDE2CD14229}"
EndProject
Project("{FAE04EC0-301F-11D3-BF4B-00C04F79EFBC}") = "g1zszaf", "g1zszaf\g1zszaf.csproj", "{E05616C8-3E62-4ADF-943C-C9B7C271AFF2}"
EndProject
Project("{FAE04EC0-301F-11D3-BF4B-00C04F79EFBC}") = "g1komp", "g1komp\g1komp.csproj", "{BB47F95A-7B82-4CBE-BB60-9006165A7B30}"
EndProject
Project("{FAE04EC0-301F-11D3-BF4B-00C04F79EFBC}") = "g1klient", "g1klient\g1klient.csproj", "{4F99D89B-C0C5-4CB5-BFAA-19F9149FCBB1}"
EndProject
Project("{FAE04EC0-301F-11D3-BF4B-00C04F79EFBC}") = "gzmleko", "gzmleko\gzmleko.csproj", "{1710CCEF-B9FE-4D6A-B22F-8FCA8DBC7849}"
EndProject
Project("{FAE04EC0-301F-11D3-BF4B-00C04F79EFBC}") = "gzosoba", "gzosoba\gzosoba.csproj", "{FC991D66-3963-4EAC-927F-FDD19608A20A}"
EndProject
Global
	GlobalSection(SolutionConfigurationPlatforms) = preSolution
		Debug|Any CPU = Debug|Any CPU
		Release|Any CPU = Release|Any CPU
	EndGlobalSection
	GlobalSection(ProjectConfigurationPlatforms) = postSolution
		{D3F9DA45-57DC-42A6-B029-B0A9722F02D9}.Debug|Any CPU.ActiveCfg = Debug|Any CPU
		{D3F9DA45-57DC-42A6-B029-B0A9722F02D9}.Debug|Any CPU.Build.0 = Debug|Any CPU
		{D3F9DA45-57DC-42A6-B029-B0A9722F02D9}.Release|Any CPU.ActiveCfg = Release|Any CPU
		{D3F9DA45-57DC-42A6-B029-B0A9722F02D9}.Release|Any CPU.Build.0 = Release|Any CPU
		{E5421E11-8923-486C-A412-2AB86DC3D1C2}.Debug|Any CPU.ActiveCfg = Debug|Any CPU
		{E5421E11-8923-486C-A412-2AB86DC3D1C2}.Debug|Any CPU.Build.0 = Debug|Any CPU
		{E5421E11-8923-486C-A412-2AB86DC3D1C2}.Release|Any CPU.ActiveCfg = Release|Any CPU
		{E5421E11-8923-486C-A412-2AB86DC3D1C2}.Release|Any CPU.Build.0 = Release|Any CPU
		{A4689713-150C-476B-85A0-4EDAB76C2D2A}.Debug|Any CPU.ActiveCfg = Debug|Any CPU
		{A4689713-150C-476B-85A0-4EDAB76C2D2A}.Debug|Any CPU.Build.0 = Debug|Any CPU
		{A4689713-150C-476B-85A0-4EDAB76C2D2A}.Release|Any CPU.ActiveCfg = Release|Any CPU
		{A4689713-150C-476B-85A0-4EDAB76C2D2A}.Release|Any CPU.Build.0 = Release|Any CPU
		{9D846848-05AF-48AE-805F-0DDE2CD14229}.Debug|Any CPU.ActiveCfg = Debug|Any CPU
		{9D846848-05AF-48AE-805F-0DDE2CD14229}.Debug|Any CPU.Build.0 = Debug|Any CPU
		{9D846848-05AF-48AE-805F-0DDE2CD14229}.Release|Any CPU.ActiveCfg = Release|Any CPU
		{9D846848-05AF-48AE-805F-0DDE2CD14229}.Release|Any CPU.Build.0 = Release|Any CPU
		{E05616C8-3E62-4ADF-943C-C9B7C271AFF2}.Debug|Any CPU.ActiveCfg = Debug|Any CPU
		{E05616C8-3E62-4ADF-943C-C9B7C271AFF2}.Debug|Any CPU.Build.0 = Debug|Any CPU
		{E05616C8-3E62-4ADF-943C-C9B7C271AFF2}.Release|Any CPU.ActiveCfg = Release|Any CPU
		{E05616C8-3E62-4ADF-943C-C9B7C271AFF2}.Release|Any CPU.Build.0 = Release|Any CPU
		{BB47F95A-7B82-4CBE-BB60-9006165A7B30}.Debug|Any CPU.ActiveCfg = Debug|Any CPU
		{BB47F95A-7B82-4CBE-BB60-9006165A7B30}.Debug|Any CPU.Build.0 = Debug|Any CPU
		{BB47F95A-7B82-4CBE-BB60-9006165A7B30}.Release|Any CPU.ActiveCfg = Release|Any CPU
		{BB47F95A-7B82-4CBE-BB60-9006165A7B30}.Release|Any CPU.Build.0 = Release|Any CPU
		{4F99D89B-C0C5-4CB5-BFAA-19F9149FCBB1}.Debug|Any CPU.ActiveCfg = Debug|Any CPU
		{4F99D89B-C0C5-4CB5-BFAA-19F9149FCBB1}.Debug|Any CPU.Build.0 = Debug|Any CPU
		{4F99D89B-C0C5-4CB5-BFAA-19F9149FCBB1}.Release|Any CPU.ActiveCfg = Release|Any CPU
		{4F99D89B-C0C5-4CB5-BFAA-19F9149FCBB1}.Release|Any CPU.Build.0 = Release|Any CPU
		{1710CCEF-B9FE-4D6A-B22F-8FCA8DBC7849}.Debug|Any CPU.ActiveCfg = Debug|Any CPU
		{1710CCEF-B9FE-4D6A-B22F-8FCA8DBC7849}.Debug|Any CPU.Build.0 = Debug|Any CPU
		{1710CCEF-B9FE-4D6A-B22F-8FCA8DBC7849}.Release|Any CPU.ActiveCfg = Release|Any CPU
		{1710CCEF-B9FE-4D6A-B22F-8FCA8DBC7849}.Release|Any CPU.Build.0 = Release|Any CPU
		{FC991D66-3963-4EAC-927F-FDD19608A20A}.Debug|Any CPU.ActiveCfg = Debug|Any CPU
		{FC991D66-3963-4EAC-927F-FDD19608A20A}.Debug|Any CPU.Build.0 = Debug|Any CPU
		{FC991D66-3963-4EAC-927F-FDD19608A20A}.Release|Any CPU.ActiveCfg = Release|Any CPU
		{FC991D66-3963-4EAC-927F-FDD19608A20A}.Release|Any CPU.Build.0 = Release|Any CPU
	EndGlobalSection
EndGlobal
