
Microsoft Visual Studio Solution File, Format Version 12.00
Project("{FAE04EC0-301F-11D3-BF4B-00C04F79EFBC}") = "zd1_7", "zd1_7.csproj", "{C7569C44-A721-41A8-8FEF-3A7A02B5A749}"
EndProject
Global
	GlobalSection(SolutionConfigurationPlatforms) = preSolution
		Debug|Any CPU = Debug|Any CPU
		Release|Any CPU = Release|Any CPU
	EndGlobalSection
	GlobalSection(ProjectConfigurationPlatforms) = postSolution
		{C7569C44-A721-41A8-8FEF-3A7A02B5A749}.Debug|Any CPU.ActiveCfg = Debug|Any CPU
		{C7569C44-A721-41A8-8FEF-3A7A02B5A749}.Debug|Any CPU.Build.0 = Debug|Any CPU
		{C7569C44-A721-41A8-8FEF-3A7A02B5A749}.Release|Any CPU.ActiveCfg = Release|Any CPU
		{C7569C44-A721-41A8-8FEF-3A7A02B5A749}.Release|Any CPU.Build.0 = Release|Any CPU
	EndGlobalSection
EndGlobal
