
Microsoft Visual Studio Solution File, Format Version 12.00
Project("{FAE04EC0-301F-11D3-BF4B-00C04F79EFBC}") = "zad1", "zad1\zad1.csproj", "{F28D475A-7CEB-41FE-B8A1-ACD8F59765D3}"
EndProject
Project("{FAE04EC0-301F-11D3-BF4B-00C04F79EFBC}") = "zad2", "zad2\zad2.csproj", "{76806BA7-EDEA-47E8-B83C-789E038FBB33}"
EndProject
Project("{FAE04EC0-301F-11D3-BF4B-00C04F79EFBC}") = "zad3", "zad3\zad3.csproj", "{5F07CE61-B60C-4ABF-9436-93EFDDEE855B}"
EndProject
Project("{FAE04EC0-301F-11D3-BF4B-00C04F79EFBC}") = "zad4", "zad4\zad4.csproj", "{05444A71-F8C1-456A-8A75-9766BBE9CBD0}"
EndProject
Global
	GlobalSection(SolutionConfigurationPlatforms) = preSolution
		Debug|Any CPU = Debug|Any CPU
		Release|Any CPU = Release|Any CPU
	EndGlobalSection
	GlobalSection(ProjectConfigurationPlatforms) = postSolution
		{F28D475A-7CEB-41FE-B8A1-ACD8F59765D3}.Debug|Any CPU.ActiveCfg = Debug|Any CPU
		{F28D475A-7CEB-41FE-B8A1-ACD8F59765D3}.Debug|Any CPU.Build.0 = Debug|Any CPU
		{F28D475A-7CEB-41FE-B8A1-ACD8F59765D3}.Release|Any CPU.ActiveCfg = Release|Any CPU
		{F28D475A-7CEB-41FE-B8A1-ACD8F59765D3}.Release|Any CPU.Build.0 = Release|Any CPU
		{76806BA7-EDEA-47E8-B83C-789E038FBB33}.Debug|Any CPU.ActiveCfg = Debug|Any CPU
		{76806BA7-EDEA-47E8-B83C-789E038FBB33}.Debug|Any CPU.Build.0 = Debug|Any CPU
		{76806BA7-EDEA-47E8-B83C-789E038FBB33}.Release|Any CPU.ActiveCfg = Release|Any CPU
		{76806BA7-EDEA-47E8-B83C-789E038FBB33}.Release|Any CPU.Build.0 = Release|Any CPU
		{5F07CE61-B60C-4ABF-9436-93EFDDEE855B}.Debug|Any CPU.ActiveCfg = Debug|Any CPU
		{5F07CE61-B60C-4ABF-9436-93EFDDEE855B}.Debug|Any CPU.Build.0 = Debug|Any CPU
		{5F07CE61-B60C-4ABF-9436-93EFDDEE855B}.Release|Any CPU.ActiveCfg = Release|Any CPU
		{5F07CE61-B60C-4ABF-9436-93EFDDEE855B}.Release|Any CPU.Build.0 = Release|Any CPU
		{05444A71-F8C1-456A-8A75-9766BBE9CBD0}.Debug|Any CPU.ActiveCfg = Debug|Any CPU
		{05444A71-F8C1-456A-8A75-9766BBE9CBD0}.Debug|Any CPU.Build.0 = Debug|Any CPU
		{05444A71-F8C1-456A-8A75-9766BBE9CBD0}.Release|Any CPU.ActiveCfg = Release|Any CPU
		{05444A71-F8C1-456A-8A75-9766BBE9CBD0}.Release|Any CPU.Build.0 = Release|Any CPU
	EndGlobalSection
EndGlobal
