
Microsoft Visual Studio Solution File, Format Version 12.00
Project("{FAE04EC0-301F-11D3-BF4B-00C04F79EFBC}") = "TypyGeneryczne", "TypyGeneryczne\TypyGeneryczne.csproj", "{55209087-269B-44FB-9358-DD0B311DF52D}"
EndProject
Project("{FAE04EC0-301F-11D3-BF4B-00C04F79EFBC}") = "MetodaGeneryczna", "MetodaGeneryczna\MetodaGeneryczna.csproj", "{86F2F020-E6E4-42A3-97BE-81A5365BB418}"
EndProject
Project("{FAE04EC0-301F-11D3-BF4B-00C04F79EFBC}") = "Delegaty", "Delegaty\Delegaty.csproj", "{89E47E1F-D547-4824-B42B-4A92F72F7FCC}"
EndProject
Project("{FAE04EC0-301F-11D3-BF4B-00C04F79EFBC}") = "WyrazeniaLambda", "WyrazeniaLambda\WyrazeniaLambda.csproj", "{5FCEC376-3EFF-4F24-BDEF-63AF1D35221D}"
EndProject
Project("{FAE04EC0-301F-11D3-BF4B-00C04F79EFBC}") = "zad4_1", "zad4_1\zad4_1.csproj", "{29627D7B-F4EF-48B2-8CC5-F8CC3E44ABA1}"
EndProject
Project("{FAE04EC0-301F-11D3-BF4B-00C04F79EFBC}") = "zad4_2", "zad4_2\zad4_2.csproj", "{2148C706-C52E-471B-8232-295BF10B2D98}"
EndProject
Project("{FAE04EC0-301F-11D3-BF4B-00C04F79EFBC}") = "zad4_3", "zad4_3\zad4_3.csproj", "{8BB7BADD-E4B4-4F61-95BB-C3B2B738C18C}"
EndProject
Project("{FAE04EC0-301F-11D3-BF4B-00C04F79EFBC}") = "zad4_4", "zad4_4\zad4_4.csproj", "{49A03D95-119A-4C73-BD0A-AE8B536FEC4D}"
EndProject
Project("{FAE04EC0-301F-11D3-BF4B-00C04F79EFBC}") = "zad4_5", "zad4_5\zad4_5.csproj", "{CFC6481B-EF06-419F-91DD-C68ECE7B8304}"
EndProject
Project("{FAE04EC0-301F-11D3-BF4B-00C04F79EFBC}") = "zad4_6", "zad4_6\zad4_6.csproj", "{03826493-0976-4A2B-842D-1C4D9A449DAD}"
EndProject
Project("{FAE04EC0-301F-11D3-BF4B-00C04F79EFBC}") = "zad4_7", "zad4_7\zad4_7.csproj", "{23A87601-FF01-4907-A07D-549DB902237C}"
EndProject
Project("{FAE04EC0-301F-11D3-BF4B-00C04F79EFBC}") = "zad4_8", "zad4_8\zad4_8.csproj", "{3B160463-2D9C-4DFD-87B9-E1F91DA4924E}"
EndProject
Project("{FAE04EC0-301F-11D3-BF4B-00C04F79EFBC}") = "zad4_9", "zad4_9\zad4_9.csproj", "{443CB780-EEF5-41D1-9541-93E36366CCEC}"
EndProject
Project("{FAE04EC0-301F-11D3-BF4B-00C04F79EFBC}") = "zad4_10", "zad4_10\zad4_10.csproj", "{2704A23C-434D-4F71-8842-BBCE66914C79}"
EndProject
Project("{FAE04EC0-301F-11D3-BF4B-00C04F79EFBC}") = "zad4_11", "zad4_11\zad4_11.csproj", "{C751A278-4794-4C6B-9A5E-19DB23990861}"
EndProject
Project("{FAE04EC0-301F-11D3-BF4B-00C04F79EFBC}") = "zad4_12", "zad4_12\zad4_12.csproj", "{10179992-CAA6-49EF-BB45-0309B829BF26}"
EndProject
Project("{FAE04EC0-301F-11D3-BF4B-00C04F79EFBC}") = "zad4_13", "zad4_13\zad4_13.csproj", "{96D8E26A-3715-46DE-BAD8-CEF09C21E212}"
EndProject
Project("{FAE04EC0-301F-11D3-BF4B-00C04F79EFBC}") = "zad4_14", "zad4_14\zad4_14.csproj", "{84D5F5D8-DD68-4117-9077-A86CA73CE2A9}"
EndProject
Global
	GlobalSection(SolutionConfigurationPlatforms) = preSolution
		Debug|Any CPU = Debug|Any CPU
		Release|Any CPU = Release|Any CPU
	EndGlobalSection
	GlobalSection(ProjectConfigurationPlatforms) = postSolution
		{55209087-269B-44FB-9358-DD0B311DF52D}.Debug|Any CPU.ActiveCfg = Debug|Any CPU
		{55209087-269B-44FB-9358-DD0B311DF52D}.Debug|Any CPU.Build.0 = Debug|Any CPU
		{55209087-269B-44FB-9358-DD0B311DF52D}.Release|Any CPU.ActiveCfg = Release|Any CPU
		{55209087-269B-44FB-9358-DD0B311DF52D}.Release|Any CPU.Build.0 = Release|Any CPU
		{86F2F020-E6E4-42A3-97BE-81A5365BB418}.Debug|Any CPU.ActiveCfg = Debug|Any CPU
		{86F2F020-E6E4-42A3-97BE-81A5365BB418}.Debug|Any CPU.Build.0 = Debug|Any CPU
		{86F2F020-E6E4-42A3-97BE-81A5365BB418}.Release|Any CPU.ActiveCfg = Release|Any CPU
		{86F2F020-E6E4-42A3-97BE-81A5365BB418}.Release|Any CPU.Build.0 = Release|Any CPU
		{89E47E1F-D547-4824-B42B-4A92F72F7FCC}.Debug|Any CPU.ActiveCfg = Debug|Any CPU
		{89E47E1F-D547-4824-B42B-4A92F72F7FCC}.Debug|Any CPU.Build.0 = Debug|Any CPU
		{89E47E1F-D547-4824-B42B-4A92F72F7FCC}.Release|Any CPU.ActiveCfg = Release|Any CPU
		{89E47E1F-D547-4824-B42B-4A92F72F7FCC}.Release|Any CPU.Build.0 = Release|Any CPU
		{5FCEC376-3EFF-4F24-BDEF-63AF1D35221D}.Debug|Any CPU.ActiveCfg = Debug|Any CPU
		{5FCEC376-3EFF-4F24-BDEF-63AF1D35221D}.Debug|Any CPU.Build.0 = Debug|Any CPU
		{5FCEC376-3EFF-4F24-BDEF-63AF1D35221D}.Release|Any CPU.ActiveCfg = Release|Any CPU
		{5FCEC376-3EFF-4F24-BDEF-63AF1D35221D}.Release|Any CPU.Build.0 = Release|Any CPU
		{29627D7B-F4EF-48B2-8CC5-F8CC3E44ABA1}.Debug|Any CPU.ActiveCfg = Debug|Any CPU
		{29627D7B-F4EF-48B2-8CC5-F8CC3E44ABA1}.Debug|Any CPU.Build.0 = Debug|Any CPU
		{29627D7B-F4EF-48B2-8CC5-F8CC3E44ABA1}.Release|Any CPU.ActiveCfg = Release|Any CPU
		{29627D7B-F4EF-48B2-8CC5-F8CC3E44ABA1}.Release|Any CPU.Build.0 = Release|Any CPU
		{2148C706-C52E-471B-8232-295BF10B2D98}.Debug|Any CPU.ActiveCfg = Debug|Any CPU
		{2148C706-C52E-471B-8232-295BF10B2D98}.Debug|Any CPU.Build.0 = Debug|Any CPU
		{2148C706-C52E-471B-8232-295BF10B2D98}.Release|Any CPU.ActiveCfg = Release|Any CPU
		{2148C706-C52E-471B-8232-295BF10B2D98}.Release|Any CPU.Build.0 = Release|Any CPU
		{8BB7BADD-E4B4-4F61-95BB-C3B2B738C18C}.Debug|Any CPU.ActiveCfg = Debug|Any CPU
		{8BB7BADD-E4B4-4F61-95BB-C3B2B738C18C}.Debug|Any CPU.Build.0 = Debug|Any CPU
		{8BB7BADD-E4B4-4F61-95BB-C3B2B738C18C}.Release|Any CPU.ActiveCfg = Release|Any CPU
		{8BB7BADD-E4B4-4F61-95BB-C3B2B738C18C}.Release|Any CPU.Build.0 = Release|Any CPU
		{49A03D95-119A-4C73-BD0A-AE8B536FEC4D}.Debug|Any CPU.ActiveCfg = Debug|Any CPU
		{49A03D95-119A-4C73-BD0A-AE8B536FEC4D}.Debug|Any CPU.Build.0 = Debug|Any CPU
		{49A03D95-119A-4C73-BD0A-AE8B536FEC4D}.Release|Any CPU.ActiveCfg = Release|Any CPU
		{49A03D95-119A-4C73-BD0A-AE8B536FEC4D}.Release|Any CPU.Build.0 = Release|Any CPU
		{CFC6481B-EF06-419F-91DD-C68ECE7B8304}.Debug|Any CPU.ActiveCfg = Debug|Any CPU
		{CFC6481B-EF06-419F-91DD-C68ECE7B8304}.Debug|Any CPU.Build.0 = Debug|Any CPU
		{CFC6481B-EF06-419F-91DD-C68ECE7B8304}.Release|Any CPU.ActiveCfg = Release|Any CPU
		{CFC6481B-EF06-419F-91DD-C68ECE7B8304}.Release|Any CPU.Build.0 = Release|Any CPU
		{03826493-0976-4A2B-842D-1C4D9A449DAD}.Debug|Any CPU.ActiveCfg = Debug|Any CPU
		{03826493-0976-4A2B-842D-1C4D9A449DAD}.Debug|Any CPU.Build.0 = Debug|Any CPU
		{03826493-0976-4A2B-842D-1C4D9A449DAD}.Release|Any CPU.ActiveCfg = Release|Any CPU
		{03826493-0976-4A2B-842D-1C4D9A449DAD}.Release|Any CPU.Build.0 = Release|Any CPU
		{23A87601-FF01-4907-A07D-549DB902237C}.Debug|Any CPU.ActiveCfg = Debug|Any CPU
		{23A87601-FF01-4907-A07D-549DB902237C}.Debug|Any CPU.Build.0 = Debug|Any CPU
		{23A87601-FF01-4907-A07D-549DB902237C}.Release|Any CPU.ActiveCfg = Release|Any CPU
		{23A87601-FF01-4907-A07D-549DB902237C}.Release|Any CPU.Build.0 = Release|Any CPU
		{3B160463-2D9C-4DFD-87B9-E1F91DA4924E}.Debug|Any CPU.ActiveCfg = Debug|Any CPU
		{3B160463-2D9C-4DFD-87B9-E1F91DA4924E}.Debug|Any CPU.Build.0 = Debug|Any CPU
		{3B160463-2D9C-4DFD-87B9-E1F91DA4924E}.Release|Any CPU.ActiveCfg = Release|Any CPU
		{3B160463-2D9C-4DFD-87B9-E1F91DA4924E}.Release|Any CPU.Build.0 = Release|Any CPU
		{443CB780-EEF5-41D1-9541-93E36366CCEC}.Debug|Any CPU.ActiveCfg = Debug|Any CPU
		{443CB780-EEF5-41D1-9541-93E36366CCEC}.Debug|Any CPU.Build.0 = Debug|Any CPU
		{443CB780-EEF5-41D1-9541-93E36366CCEC}.Release|Any CPU.ActiveCfg = Release|Any CPU
		{443CB780-EEF5-41D1-9541-93E36366CCEC}.Release|Any CPU.Build.0 = Release|Any CPU
		{2704A23C-434D-4F71-8842-BBCE66914C79}.Debug|Any CPU.ActiveCfg = Debug|Any CPU
		{2704A23C-434D-4F71-8842-BBCE66914C79}.Debug|Any CPU.Build.0 = Debug|Any CPU
		{2704A23C-434D-4F71-8842-BBCE66914C79}.Release|Any CPU.ActiveCfg = Release|Any CPU
		{2704A23C-434D-4F71-8842-BBCE66914C79}.Release|Any CPU.Build.0 = Release|Any CPU
		{C751A278-4794-4C6B-9A5E-19DB23990861}.Debug|Any CPU.ActiveCfg = Debug|Any CPU
		{C751A278-4794-4C6B-9A5E-19DB23990861}.Debug|Any CPU.Build.0 = Debug|Any CPU
		{C751A278-4794-4C6B-9A5E-19DB23990861}.Release|Any CPU.ActiveCfg = Release|Any CPU
		{C751A278-4794-4C6B-9A5E-19DB23990861}.Release|Any CPU.Build.0 = Release|Any CPU
		{10179992-CAA6-49EF-BB45-0309B829BF26}.Debug|Any CPU.ActiveCfg = Debug|Any CPU
		{10179992-CAA6-49EF-BB45-0309B829BF26}.Debug|Any CPU.Build.0 = Debug|Any CPU
		{10179992-CAA6-49EF-BB45-0309B829BF26}.Release|Any CPU.ActiveCfg = Release|Any CPU
		{10179992-CAA6-49EF-BB45-0309B829BF26}.Release|Any CPU.Build.0 = Release|Any CPU
		{96D8E26A-3715-46DE-BAD8-CEF09C21E212}.Debug|Any CPU.ActiveCfg = Debug|Any CPU
		{96D8E26A-3715-46DE-BAD8-CEF09C21E212}.Debug|Any CPU.Build.0 = Debug|Any CPU
		{96D8E26A-3715-46DE-BAD8-CEF09C21E212}.Release|Any CPU.ActiveCfg = Release|Any CPU
		{96D8E26A-3715-46DE-BAD8-CEF09C21E212}.Release|Any CPU.Build.0 = Release|Any CPU
		{84D5F5D8-DD68-4117-9077-A86CA73CE2A9}.Debug|Any CPU.ActiveCfg = Debug|Any CPU
		{84D5F5D8-DD68-4117-9077-A86CA73CE2A9}.Debug|Any CPU.Build.0 = Debug|Any CPU
		{84D5F5D8-DD68-4117-9077-A86CA73CE2A9}.Release|Any CPU.ActiveCfg = Release|Any CPU
		{84D5F5D8-DD68-4117-9077-A86CA73CE2A9}.Release|Any CPU.Build.0 = Release|Any CPU
	EndGlobalSection
EndGlobal
