
Microsoft Visual Studio Solution File, Format Version 12.00
Project("{FAE04EC0-301F-11D3-BF4B-00C04F79EFBC}") = "Zadanie1", "Zadanie1.csproj", "{C68E3DE9-006A-49F8-A40F-CBCBBB15B26F}"
EndProject
Global
	GlobalSection(SolutionConfigurationPlatforms) = preSolution
		Debug|Any CPU = Debug|Any CPU
		Release|Any CPU = Release|Any CPU
	EndGlobalSection
	GlobalSection(ProjectConfigurationPlatforms) = postSolution
		{C68E3DE9-006A-49F8-A40F-CBCBBB15B26F}.Debug|Any CPU.ActiveCfg = Debug|Any CPU
		{C68E3DE9-006A-49F8-A40F-CBCBBB15B26F}.Debug|Any CPU.Build.0 = Debug|Any CPU
		{C68E3DE9-006A-49F8-A40F-CBCBBB15B26F}.Release|Any CPU.ActiveCfg = Release|Any CPU
		{C68E3DE9-006A-49F8-A40F-CBCBBB15B26F}.Release|Any CPU.Build.0 = Release|Any CPU
	EndGlobalSection
EndGlobal
