
Microsoft Visual Studio Solution File, Format Version 12.00
Project("{FAE04EC0-301F-11D3-BF4B-00C04F79EFBC}") = "PD1", "PD1\PD1.csproj", "{1956DD97-D9E4-4049-AD22-BD5A46AE73CE}"
EndProject
Global
	GlobalSection(SolutionConfigurationPlatforms) = preSolution
		Debug|Any CPU = Debug|Any CPU
		Release|Any CPU = Release|Any CPU
	EndGlobalSection
	GlobalSection(ProjectConfigurationPlatforms) = postSolution
		{1956DD97-D9E4-4049-AD22-BD5A46AE73CE}.Debug|Any CPU.ActiveCfg = Debug|Any CPU
		{1956DD97-D9E4-4049-AD22-BD5A46AE73CE}.Debug|Any CPU.Build.0 = Debug|Any CPU
		{1956DD97-D9E4-4049-AD22-BD5A46AE73CE}.Release|Any CPU.ActiveCfg = Release|Any CPU
		{1956DD97-D9E4-4049-AD22-BD5A46AE73CE}.Release|Any CPU.Build.0 = Release|Any CPU
	EndGlobalSection
EndGlobal
