
Microsoft Visual Studio Solution File, Format Version 12.00
Project("{FAE04EC0-301F-11D3-BF4B-00C04F79EFBC}") = "Zadanie2", "Zadanie2.csproj", "{DDBA24C4-9161-4703-8F85-D211C7994677}"
EndProject
Global
	GlobalSection(SolutionConfigurationPlatforms) = preSolution
		Debug|Any CPU = Debug|Any CPU
		Release|Any CPU = Release|Any CPU
	EndGlobalSection
	GlobalSection(ProjectConfigurationPlatforms) = postSolution
		{DDBA24C4-9161-4703-8F85-D211C7994677}.Debug|Any CPU.ActiveCfg = Debug|Any CPU
		{DDBA24C4-9161-4703-8F85-D211C7994677}.Debug|Any CPU.Build.0 = Debug|Any CPU
		{DDBA24C4-9161-4703-8F85-D211C7994677}.Release|Any CPU.ActiveCfg = Release|Any CPU
		{DDBA24C4-9161-4703-8F85-D211C7994677}.Release|Any CPU.Build.0 = Release|Any CPU
	EndGlobalSection
EndGlobal
