
Microsoft Visual Studio Solution File, Format Version 12.00
Project("{FAE04EC0-301F-11D3-BF4B-00C04F79EFBC}") = "zd1_1", "zd1_1.csproj", "{734046EB-B979-4A79-A880-D565D0028271}"
EndProject
Global
	GlobalSection(SolutionConfigurationPlatforms) = preSolution
		Debug|Any CPU = Debug|Any CPU
		Release|Any CPU = Release|Any CPU
	EndGlobalSection
	GlobalSection(ProjectConfigurationPlatforms) = postSolution
		{734046EB-B979-4A79-A880-D565D0028271}.Debug|Any CPU.ActiveCfg = Debug|Any CPU
		{734046EB-B979-4A79-A880-D565D0028271}.Debug|Any CPU.Build.0 = Debug|Any CPU
		{734046EB-B979-4A79-A880-D565D0028271}.Release|Any CPU.ActiveCfg = Release|Any CPU
		{734046EB-B979-4A79-A880-D565D0028271}.Release|Any CPU.Build.0 = Release|Any CPU
	EndGlobalSection
EndGlobal
