
Microsoft Visual Studio Solution File, Format Version 12.00
Project("{FAE04EC0-301F-11D3-BF4B-00C04F79EFBC}") = "cw06", "cw06\cw06.csproj", "{2F66AF8C-760C-4C49-9D2E-A3D9FAAD3A46}"
EndProject
Project("{FAE04EC0-301F-11D3-BF4B-00C04F79EFBC}") = "PD1", "PD1\PD1.csproj", "{1A2E9285-E3E6-40F8-A497-4C57DEAF83B5}"
EndProject
Project("{FAE04EC0-301F-11D3-BF4B-00C04F79EFBC}") = "PD2", "PD2\PD2.csproj", "{CF9DC612-F005-4717-BC54-4F77AE1D8FB6}"
EndProject
Project("{FAE04EC0-301F-11D3-BF4B-00C04F79EFBC}") = "PD3", "PD3\PD3.csproj", "{50DB1040-0DD9-4825-8351-9670402759B6}"
EndProject
Project("{FAE04EC0-301F-11D3-BF4B-00C04F79EFBC}") = "PD4", "PD4\PD4.csproj", "{9DA9109C-16E6-456B-A8A3-B99A23A96E5B}"
EndProject
Project("{FAE04EC0-301F-11D3-BF4B-00C04F79EFBC}") = "PD5", "PD5\PD5.csproj", "{67BA0F17-CFAB-4023-857C-41451F20E1E7}"
EndProject
Global
	GlobalSection(SolutionConfigurationPlatforms) = preSolution
		Debug|Any CPU = Debug|Any CPU
		Release|Any CPU = Release|Any CPU
	EndGlobalSection
	GlobalSection(ProjectConfigurationPlatforms) = postSolution
		{2F66AF8C-760C-4C49-9D2E-A3D9FAAD3A46}.Debug|Any CPU.ActiveCfg = Debug|Any CPU
		{2F66AF8C-760C-4C49-9D2E-A3D9FAAD3A46}.Debug|Any CPU.Build.0 = Debug|Any CPU
		{2F66AF8C-760C-4C49-9D2E-A3D9FAAD3A46}.Release|Any CPU.ActiveCfg = Release|Any CPU
		{2F66AF8C-760C-4C49-9D2E-A3D9FAAD3A46}.Release|Any CPU.Build.0 = Release|Any CPU
		{1A2E9285-E3E6-40F8-A497-4C57DEAF83B5}.Debug|Any CPU.ActiveCfg = Debug|Any CPU
		{1A2E9285-E3E6-40F8-A497-4C57DEAF83B5}.Debug|Any CPU.Build.0 = Debug|Any CPU
		{1A2E9285-E3E6-40F8-A497-4C57DEAF83B5}.Release|Any CPU.ActiveCfg = Release|Any CPU
		{1A2E9285-E3E6-40F8-A497-4C57DEAF83B5}.Release|Any CPU.Build.0 = Release|Any CPU
		{CF9DC612-F005-4717-BC54-4F77AE1D8FB6}.Debug|Any CPU.ActiveCfg = Debug|Any CPU
		{CF9DC612-F005-4717-BC54-4F77AE1D8FB6}.Debug|Any CPU.Build.0 = Debug|Any CPU
		{CF9DC612-F005-4717-BC54-4F77AE1D8FB6}.Release|Any CPU.ActiveCfg = Release|Any CPU
		{CF9DC612-F005-4717-BC54-4F77AE1D8FB6}.Release|Any CPU.Build.0 = Release|Any CPU
		{50DB1040-0DD9-4825-8351-9670402759B6}.Debug|Any CPU.ActiveCfg = Debug|Any CPU
		{50DB1040-0DD9-4825-8351-9670402759B6}.Debug|Any CPU.Build.0 = Debug|Any CPU
		{50DB1040-0DD9-4825-8351-9670402759B6}.Release|Any CPU.ActiveCfg = Release|Any CPU
		{50DB1040-0DD9-4825-8351-9670402759B6}.Release|Any CPU.Build.0 = Release|Any CPU
		{9DA9109C-16E6-456B-A8A3-B99A23A96E5B}.Debug|Any CPU.ActiveCfg = Debug|Any CPU
		{9DA9109C-16E6-456B-A8A3-B99A23A96E5B}.Debug|Any CPU.Build.0 = Debug|Any CPU
		{9DA9109C-16E6-456B-A8A3-B99A23A96E5B}.Release|Any CPU.ActiveCfg = Release|Any CPU
		{9DA9109C-16E6-456B-A8A3-B99A23A96E5B}.Release|Any CPU.Build.0 = Release|Any CPU
		{67BA0F17-CFAB-4023-857C-41451F20E1E7}.Debug|Any CPU.ActiveCfg = Debug|Any CPU
		{67BA0F17-CFAB-4023-857C-41451F20E1E7}.Debug|Any CPU.Build.0 = Debug|Any CPU
		{67BA0F17-CFAB-4023-857C-41451F20E1E7}.Release|Any CPU.ActiveCfg = Release|Any CPU
		{67BA0F17-CFAB-4023-857C-41451F20E1E7}.Release|Any CPU.Build.0 = Release|Any CPU
	EndGlobalSection
EndGlobal
