
Microsoft Visual Studio Solution File, Format Version 12.00
Project("{FAE04EC0-301F-11D3-BF4B-00C04F79EFBC}") = "z1_14", "z1_14\z1_14.csproj", "{949B194D-D03E-43E5-8B3E-34BC3D7A647C}"
EndProject
Global
	GlobalSection(SolutionConfigurationPlatforms) = preSolution
		Debug|Any CPU = Debug|Any CPU
		Release|Any CPU = Release|Any CPU
	EndGlobalSection
	GlobalSection(ProjectConfigurationPlatforms) = postSolution
		{949B194D-D03E-43E5-8B3E-34BC3D7A647C}.Debug|Any CPU.ActiveCfg = Debug|Any CPU
		{949B194D-D03E-43E5-8B3E-34BC3D7A647C}.Debug|Any CPU.Build.0 = Debug|Any CPU
		{949B194D-D03E-43E5-8B3E-34BC3D7A647C}.Release|Any CPU.ActiveCfg = Release|Any CPU
		{949B194D-D03E-43E5-8B3E-34BC3D7A647C}.Release|Any CPU.Build.0 = Release|Any CPU
	EndGlobalSection
EndGlobal
