
Microsoft Visual Studio Solution File, Format Version 12.00
Project("{FAE04EC0-301F-11D3-BF4B-00C04F79EFBC}") = "zad6_2", "zad6_2\zad6_2.csproj", "{8D111365-407D-482A-B03E-9DE76228445E}"
EndProject
Project("{FAE04EC0-301F-11D3-BF4B-00C04F79EFBC}") = "zad6_1", "zad6_1\zad6_1.csproj", "{DCE6EB70-3603-49FB-82DD-871302937010}"
EndProject
Project("{FAE04EC0-301F-11D3-BF4B-00C04F79EFBC}") = "zad6_1_2", "zad6_1_2\zad6_1_2.csproj", "{2E58C36F-C5BD-446F-86A0-2EC3F187C59C}"
EndProject
Project("{FAE04EC0-301F-11D3-BF4B-00C04F79EFBC}") = "zad6_3", "zad6_3\zad6_3.csproj", "{03851D65-3B90-4B9B-8AE3-F900930D298A}"
EndProject
Project("{FAE04EC0-301F-11D3-BF4B-00C04F79EFBC}") = "zad6_4", "zad6_4\zad6_4.csproj", "{575D30F8-130B-4BAF-9E59-5FF5DCA49CC5}"
EndProject
Project("{FAE04EC0-301F-11D3-BF4B-00C04F79EFBC}") = "zad6_5", "zad6_5\zad6_5.csproj", "{252E42B7-DFFB-4795-A257-706CADF72AE9}"
EndProject
Global
	GlobalSection(SolutionConfigurationPlatforms) = preSolution
		Debug|Any CPU = Debug|Any CPU
		Release|Any CPU = Release|Any CPU
	EndGlobalSection
	GlobalSection(ProjectConfigurationPlatforms) = postSolution
		{8D111365-407D-482A-B03E-9DE76228445E}.Debug|Any CPU.ActiveCfg = Debug|Any CPU
		{8D111365-407D-482A-B03E-9DE76228445E}.Debug|Any CPU.Build.0 = Debug|Any CPU
		{8D111365-407D-482A-B03E-9DE76228445E}.Release|Any CPU.ActiveCfg = Release|Any CPU
		{8D111365-407D-482A-B03E-9DE76228445E}.Release|Any CPU.Build.0 = Release|Any CPU
		{DCE6EB70-3603-49FB-82DD-871302937010}.Debug|Any CPU.ActiveCfg = Debug|Any CPU
		{DCE6EB70-3603-49FB-82DD-871302937010}.Debug|Any CPU.Build.0 = Debug|Any CPU
		{DCE6EB70-3603-49FB-82DD-871302937010}.Release|Any CPU.ActiveCfg = Release|Any CPU
		{DCE6EB70-3603-49FB-82DD-871302937010}.Release|Any CPU.Build.0 = Release|Any CPU
		{2E58C36F-C5BD-446F-86A0-2EC3F187C59C}.Debug|Any CPU.ActiveCfg = Debug|Any CPU
		{2E58C36F-C5BD-446F-86A0-2EC3F187C59C}.Debug|Any CPU.Build.0 = Debug|Any CPU
		{2E58C36F-C5BD-446F-86A0-2EC3F187C59C}.Release|Any CPU.ActiveCfg = Release|Any CPU
		{2E58C36F-C5BD-446F-86A0-2EC3F187C59C}.Release|Any CPU.Build.0 = Release|Any CPU
		{03851D65-3B90-4B9B-8AE3-F900930D298A}.Debug|Any CPU.ActiveCfg = Debug|Any CPU
		{03851D65-3B90-4B9B-8AE3-F900930D298A}.Debug|Any CPU.Build.0 = Debug|Any CPU
		{03851D65-3B90-4B9B-8AE3-F900930D298A}.Release|Any CPU.ActiveCfg = Release|Any CPU
		{03851D65-3B90-4B9B-8AE3-F900930D298A}.Release|Any CPU.Build.0 = Release|Any CPU
		{575D30F8-130B-4BAF-9E59-5FF5DCA49CC5}.Debug|Any CPU.ActiveCfg = Debug|Any CPU
		{575D30F8-130B-4BAF-9E59-5FF5DCA49CC5}.Debug|Any CPU.Build.0 = Debug|Any CPU
		{575D30F8-130B-4BAF-9E59-5FF5DCA49CC5}.Release|Any CPU.ActiveCfg = Release|Any CPU
		{575D30F8-130B-4BAF-9E59-5FF5DCA49CC5}.Release|Any CPU.Build.0 = Release|Any CPU
		{252E42B7-DFFB-4795-A257-706CADF72AE9}.Debug|Any CPU.ActiveCfg = Debug|Any CPU
		{252E42B7-DFFB-4795-A257-706CADF72AE9}.Debug|Any CPU.Build.0 = Debug|Any CPU
		{252E42B7-DFFB-4795-A257-706CADF72AE9}.Release|Any CPU.ActiveCfg = Release|Any CPU
		{252E42B7-DFFB-4795-A257-706CADF72AE9}.Release|Any CPU.Build.0 = Release|Any CPU
	EndGlobalSection
EndGlobal
