
Microsoft Visual Studio Solution File, Format Version 12.00
Project("{FAE04EC0-301F-11D3-BF4B-00C04F79EFBC}") = "zad5_1", "zad5_1\zad5_1.csproj", "{5696341D-6E73-4C4B-B48E-378AEEE2F49B}"
EndProject
Project("{FAE04EC0-301F-11D3-BF4B-00C04F79EFBC}") = "zad5_2.1", "zad5_2.1\zad5_2.1.csproj", "{F7AFDFFA-9067-431C-A4BE-B49A28261A2D}"
EndProject
Project("{FAE04EC0-301F-11D3-BF4B-00C04F79EFBC}") = "zad5_2_2", "zad5_2_2\zad5_2_2.csproj", "{866760A6-D326-466C-9BF0-070AEC54EAE7}"
EndProject
Project("{FAE04EC0-301F-11D3-BF4B-00C04F79EFBC}") = "zad5_3", "zad5_3\zad5_3.csproj", "{4F25538C-7F6C-435D-BC22-6A0DD9A6C01C}"
EndProject
Project("{FAE04EC0-301F-11D3-BF4B-00C04F79EFBC}") = "zad5_4", "zad5_4\zad5_4.csproj", "{50E0E701-EEA3-47C3-8D13-D9310EB6B920}"
EndProject
Project("{FAE04EC0-301F-11D3-BF4B-00C04F79EFBC}") = "zad5_5", "zad5_5\zad5_5.csproj", "{DF8735D5-814B-4B8F-8140-A67EB865D261}"
EndProject
Project("{FAE04EC0-301F-11D3-BF4B-00C04F79EFBC}") = "zad5_6", "zad5_6\zad5_6.csproj", "{8E989FE9-3F7B-4191-8DFF-161C1931BC22}"
EndProject
Project("{FAE04EC0-301F-11D3-BF4B-00C04F79EFBC}") = "zad5_7", "zad5_7\zad5_7.csproj", "{78158BDC-4F31-4DC2-9618-F302AA0EB9AD}"
EndProject
Project("{FAE04EC0-301F-11D3-BF4B-00C04F79EFBC}") = "zad5_10", "zad5_10\zad5_10.csproj", "{6AD3AC7F-42FD-4634-9E48-9FA0666055F1}"
EndProject
Project("{FAE04EC0-301F-11D3-BF4B-00C04F79EFBC}") = "zad5_11", "zad5_11\zad5_11.csproj", "{1FCA19B7-9126-4C06-95A6-7869E4E13569}"
EndProject
Project("{FAE04EC0-301F-11D3-BF4B-00C04F79EFBC}") = "zad5_12", "zad5_12\zad5_12.csproj", "{0878ED15-E317-48CC-86A2-6E8B20969C52}"
EndProject
Project("{FAE04EC0-301F-11D3-BF4B-00C04F79EFBC}") = "zad5_13", "zad5_13\zad5_13.csproj", "{74136441-5665-4C8C-9853-95C217FA8542}"
EndProject
Project("{FAE04EC0-301F-11D3-BF4B-00C04F79EFBC}") = "zad5_14", "zad5_14\zad5_14.csproj", "{DC41278C-B9F6-41DC-9B0A-699D632B1B1D}"
EndProject
Project("{FAE04EC0-301F-11D3-BF4B-00C04F79EFBC}") = "zad5_15", "zad5_15\zad5_15.csproj", "{D1D825FF-4E84-4522-8E39-5002184CB8DC}"
EndProject
Global
	GlobalSection(SolutionConfigurationPlatforms) = preSolution
		Debug|Any CPU = Debug|Any CPU
		Release|Any CPU = Release|Any CPU
	EndGlobalSection
	GlobalSection(ProjectConfigurationPlatforms) = postSolution
		{5696341D-6E73-4C4B-B48E-378AEEE2F49B}.Debug|Any CPU.ActiveCfg = Debug|Any CPU
		{5696341D-6E73-4C4B-B48E-378AEEE2F49B}.Debug|Any CPU.Build.0 = Debug|Any CPU
		{5696341D-6E73-4C4B-B48E-378AEEE2F49B}.Release|Any CPU.ActiveCfg = Release|Any CPU
		{5696341D-6E73-4C4B-B48E-378AEEE2F49B}.Release|Any CPU.Build.0 = Release|Any CPU
		{F7AFDFFA-9067-431C-A4BE-B49A28261A2D}.Debug|Any CPU.ActiveCfg = Debug|Any CPU
		{F7AFDFFA-9067-431C-A4BE-B49A28261A2D}.Debug|Any CPU.Build.0 = Debug|Any CPU
		{F7AFDFFA-9067-431C-A4BE-B49A28261A2D}.Release|Any CPU.ActiveCfg = Release|Any CPU
		{F7AFDFFA-9067-431C-A4BE-B49A28261A2D}.Release|Any CPU.Build.0 = Release|Any CPU
		{866760A6-D326-466C-9BF0-070AEC54EAE7}.Debug|Any CPU.ActiveCfg = Debug|Any CPU
		{866760A6-D326-466C-9BF0-070AEC54EAE7}.Debug|Any CPU.Build.0 = Debug|Any CPU
		{866760A6-D326-466C-9BF0-070AEC54EAE7}.Release|Any CPU.ActiveCfg = Release|Any CPU
		{866760A6-D326-466C-9BF0-070AEC54EAE7}.Release|Any CPU.Build.0 = Release|Any CPU
		{4F25538C-7F6C-435D-BC22-6A0DD9A6C01C}.Debug|Any CPU.ActiveCfg = Debug|Any CPU
		{4F25538C-7F6C-435D-BC22-6A0DD9A6C01C}.Debug|Any CPU.Build.0 = Debug|Any CPU
		{4F25538C-7F6C-435D-BC22-6A0DD9A6C01C}.Release|Any CPU.ActiveCfg = Release|Any CPU
		{4F25538C-7F6C-435D-BC22-6A0DD9A6C01C}.Release|Any CPU.Build.0 = Release|Any CPU
		{50E0E701-EEA3-47C3-8D13-D9310EB6B920}.Debug|Any CPU.ActiveCfg = Debug|Any CPU
		{50E0E701-EEA3-47C3-8D13-D9310EB6B920}.Debug|Any CPU.Build.0 = Debug|Any CPU
		{50E0E701-EEA3-47C3-8D13-D9310EB6B920}.Release|Any CPU.ActiveCfg = Release|Any CPU
		{50E0E701-EEA3-47C3-8D13-D9310EB6B920}.Release|Any CPU.Build.0 = Release|Any CPU
		{DF8735D5-814B-4B8F-8140-A67EB865D261}.Debug|Any CPU.ActiveCfg = Debug|Any CPU
		{DF8735D5-814B-4B8F-8140-A67EB865D261}.Debug|Any CPU.Build.0 = Debug|Any CPU
		{DF8735D5-814B-4B8F-8140-A67EB865D261}.Release|Any CPU.ActiveCfg = Release|Any CPU
		{DF8735D5-814B-4B8F-8140-A67EB865D261}.Release|Any CPU.Build.0 = Release|Any CPU
		{8E989FE9-3F7B-4191-8DFF-161C1931BC22}.Debug|Any CPU.ActiveCfg = Debug|Any CPU
		{8E989FE9-3F7B-4191-8DFF-161C1931BC22}.Debug|Any CPU.Build.0 = Debug|Any CPU
		{8E989FE9-3F7B-4191-8DFF-161C1931BC22}.Release|Any CPU.ActiveCfg = Release|Any CPU
		{8E989FE9-3F7B-4191-8DFF-161C1931BC22}.Release|Any CPU.Build.0 = Release|Any CPU
		{78158BDC-4F31-4DC2-9618-F302AA0EB9AD}.Debug|Any CPU.ActiveCfg = Debug|Any CPU
		{78158BDC-4F31-4DC2-9618-F302AA0EB9AD}.Debug|Any CPU.Build.0 = Debug|Any CPU
		{78158BDC-4F31-4DC2-9618-F302AA0EB9AD}.Release|Any CPU.ActiveCfg = Release|Any CPU
		{78158BDC-4F31-4DC2-9618-F302AA0EB9AD}.Release|Any CPU.Build.0 = Release|Any CPU
		{6AD3AC7F-42FD-4634-9E48-9FA0666055F1}.Debug|Any CPU.ActiveCfg = Debug|Any CPU
		{6AD3AC7F-42FD-4634-9E48-9FA0666055F1}.Debug|Any CPU.Build.0 = Debug|Any CPU
		{6AD3AC7F-42FD-4634-9E48-9FA0666055F1}.Release|Any CPU.ActiveCfg = Release|Any CPU
		{6AD3AC7F-42FD-4634-9E48-9FA0666055F1}.Release|Any CPU.Build.0 = Release|Any CPU
		{1FCA19B7-9126-4C06-95A6-7869E4E13569}.Debug|Any CPU.ActiveCfg = Debug|Any CPU
		{1FCA19B7-9126-4C06-95A6-7869E4E13569}.Debug|Any CPU.Build.0 = Debug|Any CPU
		{1FCA19B7-9126-4C06-95A6-7869E4E13569}.Release|Any CPU.ActiveCfg = Release|Any CPU
		{1FCA19B7-9126-4C06-95A6-7869E4E13569}.Release|Any CPU.Build.0 = Release|Any CPU
		{0878ED15-E317-48CC-86A2-6E8B20969C52}.Debug|Any CPU.ActiveCfg = Debug|Any CPU
		{0878ED15-E317-48CC-86A2-6E8B20969C52}.Debug|Any CPU.Build.0 = Debug|Any CPU
		{0878ED15-E317-48CC-86A2-6E8B20969C52}.Release|Any CPU.ActiveCfg = Release|Any CPU
		{0878ED15-E317-48CC-86A2-6E8B20969C52}.Release|Any CPU.Build.0 = Release|Any CPU
		{74136441-5665-4C8C-9853-95C217FA8542}.Debug|Any CPU.ActiveCfg = Debug|Any CPU
		{74136441-5665-4C8C-9853-95C217FA8542}.Debug|Any CPU.Build.0 = Debug|Any CPU
		{74136441-5665-4C8C-9853-95C217FA8542}.Release|Any CPU.ActiveCfg = Release|Any CPU
		{74136441-5665-4C8C-9853-95C217FA8542}.Release|Any CPU.Build.0 = Release|Any CPU
		{DC41278C-B9F6-41DC-9B0A-699D632B1B1D}.Debug|Any CPU.ActiveCfg = Debug|Any CPU
		{DC41278C-B9F6-41DC-9B0A-699D632B1B1D}.Debug|Any CPU.Build.0 = Debug|Any CPU
		{DC41278C-B9F6-41DC-9B0A-699D632B1B1D}.Release|Any CPU.ActiveCfg = Release|Any CPU
		{DC41278C-B9F6-41DC-9B0A-699D632B1B1D}.Release|Any CPU.Build.0 = Release|Any CPU
		{D1D825FF-4E84-4522-8E39-5002184CB8DC}.Debug|Any CPU.ActiveCfg = Debug|Any CPU
		{D1D825FF-4E84-4522-8E39-5002184CB8DC}.Debug|Any CPU.Build.0 = Debug|Any CPU
		{D1D825FF-4E84-4522-8E39-5002184CB8DC}.Release|Any CPU.ActiveCfg = Release|Any CPU
		{D1D825FF-4E84-4522-8E39-5002184CB8DC}.Release|Any CPU.Build.0 = Release|Any CPU
	EndGlobalSection
EndGlobal
