
Microsoft Visual Studio Solution File, Format Version 12.00
Project("{FAE04EC0-301F-11D3-BF4B-00C04F79EFBC}") = "Zadanie1", "Zadanie1.csproj", "{C96C410C-83E9-4F62-BD34-4A6607AA8A6F}"
EndProject
Global
	GlobalSection(SolutionConfigurationPlatforms) = preSolution
		Debug|Any CPU = Debug|Any CPU
		Release|Any CPU = Release|Any CPU
	EndGlobalSection
	GlobalSection(ProjectConfigurationPlatforms) = postSolution
		{C96C410C-83E9-4F62-BD34-4A6607AA8A6F}.Debug|Any CPU.ActiveCfg = Debug|Any CPU
		{C96C410C-83E9-4F62-BD34-4A6607AA8A6F}.Debug|Any CPU.Build.0 = Debug|Any CPU
		{C96C410C-83E9-4F62-BD34-4A6607AA8A6F}.Release|Any CPU.ActiveCfg = Release|Any CPU
		{C96C410C-83E9-4F62-BD34-4A6607AA8A6F}.Release|Any CPU.Build.0 = Release|Any CPU
	EndGlobalSection
EndGlobal
